// !$*UTF8*$!
{
	archiveVersion = 1;
	classes = {
	};
	objectVersion = 55;
	objects = {

/* Begin PBXBuildFile section */
		6F9131D927CB0DBF0005B029 /* MVVMCoordinatorApp.swift in Sources */ = {isa = PBXBuildFile; fileRef = 6F9131D827CB0DBF0005B029 /* MVVMCoordinatorApp.swift */; };
		6F9131DB27CB0DBF0005B029 /* ContentView.swift in Sources */ = {isa = PBXBuildFile; fileRef = 6F9131DA27CB0DBF0005B029 /* ContentView.swift */; };
		6F9131DD27CB0DC00005B029 /* Assets.xcassets in Resources */ = {isa = PBXBuildFile; fileRef = 6F9131DC27CB0DC00005B029 /* Assets.xcassets */; };
		6F9131E027CB0DC00005B029 /* Preview Assets.xcassets in Resources */ = {isa = PBXBuildFile; fileRef = 6F9131DF27CB0DC00005B029 /* Preview Assets.xcassets */; };
		6F91320527CB0DEF0005B029 /* User.swift in Sources */ = {isa = PBXBuildFile; fileRef = 6F9131E727CB0DEE0005B029 /* User.swift */; };
		6F91320627CB0DEF0005B029 /* ContentViewModel.swift in Sources */ = {isa = PBXBuildFile; fileRef = 6F9131EB27CB0DEE0005B029 /* ContentViewModel.swift */; };
		6F91320927CB0DEF0005B029 /* FirstFlowCoordinator.swift in Sources */ = {isa = PBXBuildFile; fileRef = 6F9131F127CB0DEE0005B029 /* FirstFlowCoordinator.swift */; };
		6F91320A27CB0DEF0005B029 /* FirstViewModel.swift in Sources */ = {isa = PBXBuildFile; fileRef = 6F9131F227CB0DEE0005B029 /* FirstViewModel.swift */; };
		6F91320B27CB0DEF0005B029 /* FirstView.swift in Sources */ = {isa = PBXBuildFile; fileRef = 6F9131F327CB0DEE0005B029 /* FirstView.swift */; };
		6F91320C27CB0DEF0005B029 /* ThirdFlowCoordinator.swift in Sources */ = {isa = PBXBuildFile; fileRef = 6F9131F527CB0DEE0005B029 /* ThirdFlowCoordinator.swift */; };
		6F91320D27CB0DEF0005B029 /* ThirdView.swift in Sources */ = {isa = PBXBuildFile; fileRef = 6F9131F627CB0DEE0005B029 /* ThirdView.swift */; };
		6F91320E27CB0DEF0005B029 /* ThirdViewModel.swift in Sources */ = {isa = PBXBuildFile; fileRef = 6F9131F727CB0DEE0005B029 /* ThirdViewModel.swift */; };
		6F91320F27CB0DEF0005B029 /* SecondFlowCoordinator.swift in Sources */ = {isa = PBXBuildFile; fileRef = 6F9131F927CB0DEE0005B029 /* SecondFlowCoordinator.swift */; };
		6F91321027CB0DEF0005B029 /* SecondViewModel.swift in Sources */ = {isa = PBXBuildFile; fileRef = 6F9131FA27CB0DEE0005B029 /* SecondViewModel.swift */; };
		6F91321127CB0DEF0005B029 /* SecondView.swift in Sources */ = {isa = PBXBuildFile; fileRef = 6F9131FB27CB0DEE0005B029 /* SecondView.swift */; };
		6F91321327CB0DEF0005B029 /* SheetView.swift in Sources */ = {isa = PBXBuildFile; fileRef = 6F9131FE27CB0DEE0005B029 /* SheetView.swift */; };
		6F91321427CB0DEF0005B029 /* SheetFlowCoordinator.swift in Sources */ = {isa = PBXBuildFile; fileRef = 6F9131FF27CB0DEE0005B029 /* SheetFlowCoordinator.swift */; };
		6F91321527CB0DEF0005B029 /* SheetViewModel.swift in Sources */ = {isa = PBXBuildFile; fileRef = 6F91320027CB0DEE0005B029 /* SheetViewModel.swift */; };
		6F91321627CB0DEF0005B029 /* ContentFlowStateProtocol.swift in Sources */ = {isa = PBXBuildFile; fileRef = 6F91320227CB0DEE0005B029 /* ContentFlowStateProtocol.swift */; };
		6F91321727CB0DEF0005B029 /* ContentFlowCoordinator.swift in Sources */ = {isa = PBXBuildFile; fileRef = 6F91320327CB0DEE0005B029 /* ContentFlowCoordinator.swift */; };
		6F91321827CB0DEF0005B029 /* ContentLink.swift in Sources */ = {isa = PBXBuildFile; fileRef = 6F91320427CB0DEE0005B029 /* ContentLink.swift */; };
		6F91321A27CB1A010005B029 /* README.md in Resources */ = {isa = PBXBuildFile; fileRef = 6F91321927CB1A010005B029 /* README.md */; };
/* End PBXBuildFile section */

/* Begin PBXFileReference section */
		6F9131D527CB0DBF0005B029 /* MVVMCoordinator.app */ = {isa = PBXFileReference; explicitFileType = wrapper.application; includeInIndex = 0; path = MVVMCoordinator.app; sourceTree = BUILT_PRODUCTS_DIR; };
		6F9131D827CB0DBF0005B029 /* MVVMCoordinatorApp.swift */ = {isa = PBXFileReference; lastKnownFileType = sourcecode.swift; path = MVVMCoordinatorApp.swift; sourceTree = "<group>"; };
		6F9131DA27CB0DBF0005B029 /* ContentView.swift */ = {isa = PBXFileReference; lastKnownFileType = sourcecode.swift; path = ContentView.swift; sourceTree = "<group>"; };
		6F9131DC27CB0DC00005B029 /* Assets.xcassets */ = {isa = PBXFileReference; lastKnownFileType = folder.assetcatalog; path = Assets.xcassets; sourceTree = "<group>"; };
		6F9131DF27CB0DC00005B029 /* Preview Assets.xcassets */ = {isa = PBXFileReference; lastKnownFileType = folder.assetcatalog; path = "Preview Assets.xcassets"; sourceTree = "<group>"; };
		6F9131E727CB0DEE0005B029 /* User.swift */ = {isa = PBXFileReference; fileEncoding = 4; lastKnownFileType = sourcecode.swift; path = User.swift; sourceTree = "<group>"; };
		6F9131EB27CB0DEE0005B029 /* ContentViewModel.swift */ = {isa = PBXFileReference; fileEncoding = 4; lastKnownFileType = sourcecode.swift; path = ContentViewModel.swift; sourceTree = "<group>"; };
		6F9131F127CB0DEE0005B029 /* FirstFlowCoordinator.swift */ = {isa = PBXFileReference; fileEncoding = 4; lastKnownFileType = sourcecode.swift; path = FirstFlowCoordinator.swift; sourceTree = "<group>"; };
		6F9131F227CB0DEE0005B029 /* FirstViewModel.swift */ = {isa = PBXFileReference; fileEncoding = 4; lastKnownFileType = sourcecode.swift; path = FirstViewModel.swift; sourceTree = "<group>"; };
		6F9131F327CB0DEE0005B029 /* FirstView.swift */ = {isa = PBXFileReference; fileEncoding = 4; lastKnownFileType = sourcecode.swift; path = FirstView.swift; sourceTree = "<group>"; };
		6F9131F527CB0DEE0005B029 /* ThirdFlowCoordinator.swift */ = {isa = PBXFileReference; fileEncoding = 4; lastKnownFileType = sourcecode.swift; path = ThirdFlowCoordinator.swift; sourceTree = "<group>"; };
		6F9131F627CB0DEE0005B029 /* ThirdView.swift */ = {isa = PBXFileReference; fileEncoding = 4; lastKnownFileType = sourcecode.swift; path = ThirdView.swift; sourceTree = "<group>"; };
		6F9131F727CB0DEE0005B029 /* ThirdViewModel.swift */ = {isa = PBXFileReference; fileEncoding = 4; lastKnownFileType = sourcecode.swift; path = ThirdViewModel.swift; sourceTree = "<group>"; };
		6F9131F927CB0DEE0005B029 /* SecondFlowCoordinator.swift */ = {isa = PBXFileReference; fileEncoding = 4; lastKnownFileType = sourcecode.swift; path = SecondFlowCoordinator.swift; sourceTree = "<group>"; };
		6F9131FA27CB0DEE0005B029 /* SecondViewModel.swift */ = {isa = PBXFileReference; fileEncoding = 4; lastKnownFileType = sourcecode.swift; path = SecondViewModel.swift; sourceTree = "<group>"; };
		6F9131FB27CB0DEE0005B029 /* SecondView.swift */ = {isa = PBXFileReference; fileEncoding = 4; lastKnownFileType = sourcecode.swift; path = SecondView.swift; sourceTree = "<group>"; };
		6F9131FE27CB0DEE0005B029 /* SheetView.swift */ = {isa = PBXFileReference; fileEncoding = 4; lastKnownFileType = sourcecode.swift; path = SheetView.swift; sourceTree = "<group>"; };
		6F9131FF27CB0DEE0005B029 /* SheetFlowCoordinator.swift */ = {isa = PBXFileReference; fileEncoding = 4; lastKnownFileType = sourcecode.swift; path = SheetFlowCoordinator.swift; sourceTree = "<group>"; };
		6F91320027CB0DEE0005B029 /* SheetViewModel.swift */ = {isa = PBXFileReference; fileEncoding = 4; lastKnownFileType = sourcecode.swift; path = SheetViewModel.swift; sourceTree = "<group>"; };
		6F91320227CB0DEE0005B029 /* ContentFlowStateProtocol.swift */ = {isa = PBXFileReference; fileEncoding = 4; lastKnownFileType = sourcecode.swift; path = ContentFlowStateProtocol.swift; sourceTree = "<group>"; };
		6F91320327CB0DEE0005B029 /* ContentFlowCoordinator.swift */ = {isa = PBXFileReference; fileEncoding = 4; lastKnownFileType = sourcecode.swift; path = ContentFlowCoordinator.swift; sourceTree = "<group>"; };
		6F91320427CB0DEE0005B029 /* ContentLink.swift */ = {isa = PBXFileReference; fileEncoding = 4; lastKnownFileType = sourcecode.swift; path = ContentLink.swift; sourceTree = "<group>"; };
		6F91321927CB1A010005B029 /* README.md */ = {isa = PBXFileReference; fileEncoding = 4; lastKnownFileType = net.daringfireball.markdown; path = README.md; sourceTree = "<group>"; };
/* End PBXFileReference section */

/* Begin PBXFrameworksBuildPhase section */
		6F9131D227CB0DBF0005B029 /* Frameworks */ = {
			isa = PBXFrameworksBuildPhase;
			buildActionMask = 2147483647;
			files = (
			);
			runOnlyForDeploymentPostprocessing = 0;
		};
/* End PBXFrameworksBuildPhase section */

/* Begin PBXGroup section */
		6F9131CC27CB0DBF0005B029 = {
			isa = PBXGroup;
			children = (
				6F91321927CB1A010005B029 /* README.md */,
				6F9131D727CB0DBF0005B029 /* MVVMCoordinator */,
				6F9131D627CB0DBF0005B029 /* Products */,
			);
			sourceTree = "<group>";
		};
		6F9131D627CB0DBF0005B029 /* Products */ = {
			isa = PBXGroup;
			children = (
				6F9131D527CB0DBF0005B029 /* MVVMCoordinator.app */,
			);
			name = Products;
			sourceTree = "<group>";
		};
		6F9131D727CB0DBF0005B029 /* MVVMCoordinator */ = {
			isa = PBXGroup;
			children = (
				6F9131D827CB0DBF0005B029 /* MVVMCoordinatorApp.swift */,
				6F9131DA27CB0DBF0005B029 /* ContentView.swift */,
				6F91320127CB0DEE0005B029 /* Coordinator */,
				6F9131E827CB0DEE0005B029 /* Screens */,
				6F9131E627CB0DEE0005B029 /* Model */,
				6F9131DC27CB0DC00005B029 /* Assets.xcassets */,
				6F9131DE27CB0DC00005B029 /* Preview Content */,
			);
			path = MVVMCoordinator;
			sourceTree = "<group>";
		};
		6F9131DE27CB0DC00005B029 /* Preview Content */ = {
			isa = PBXGroup;
			children = (
				6F9131DF27CB0DC00005B029 /* Preview Assets.xcassets */,
			);
			path = "Preview Content";
			sourceTree = "<group>";
		};
		6F9131E627CB0DEE0005B029 /* Model */ = {
			isa = PBXGroup;
			children = (
				6F9131E727CB0DEE0005B029 /* User.swift */,
			);
			path = Model;
			sourceTree = "<group>";
		};
		6F9131E827CB0DEE0005B029 /* Screens */ = {
			isa = PBXGroup;
			children = (
				6F9131E927CB0DEE0005B029 /* Configuration */,
				6F9131F027CB0DEE0005B029 /* First */,
				6F9131F827CB0DEE0005B029 /* Second */,
				6F9131F427CB0DEE0005B029 /* Third */,
				6F9131FD27CB0DEE0005B029 /* Sheet */,
			);
			path = Screens;
			sourceTree = "<group>";
		};
		6F9131E927CB0DEE0005B029 /* Configuration */ = {
			isa = PBXGroup;
			children = (
				6F9131EB27CB0DEE0005B029 /* ContentViewModel.swift */,
			);
			path = Configuration;
			sourceTree = "<group>";
		};
		6F9131F027CB0DEE0005B029 /* First */ = {
			isa = PBXGroup;
			children = (
				6F9131F127CB0DEE0005B029 /* FirstFlowCoordinator.swift */,
				6F9131F227CB0DEE0005B029 /* FirstViewModel.swift */,
				6F9131F327CB0DEE0005B029 /* FirstView.swift */,
			);
			path = First;
			sourceTree = "<group>";
		};
		6F9131F427CB0DEE0005B029 /* Third */ = {
			isa = PBXGroup;
			children = (
				6F9131F527CB0DEE0005B029 /* ThirdFlowCoordinator.swift */,
				6F9131F627CB0DEE0005B029 /* ThirdView.swift */,
				6F9131F727CB0DEE0005B029 /* ThirdViewModel.swift */,
			);
			path = Third;
			sourceTree = "<group>";
		};
		6F9131F827CB0DEE0005B029 /* Second */ = {
			isa = PBXGroup;
			children = (
				6F9131F927CB0DEE0005B029 /* SecondFlowCoordinator.swift */,
				6F9131FA27CB0DEE0005B029 /* SecondViewModel.swift */,
				6F9131FB27CB0DEE0005B029 /* SecondView.swift */,
			);
			path = Second;
			sourceTree = "<group>";
		};
		6F9131FD27CB0DEE0005B029 /* Sheet */ = {
			isa = PBXGroup;
			children = (
				6F9131FE27CB0DEE0005B029 /* SheetView.swift */,
				6F9131FF27CB0DEE0005B029 /* SheetFlowCoordinator.swift */,
				6F91320027CB0DEE0005B029 /* SheetViewModel.swift */,
			);
			path = Sheet;
			sourceTree = "<group>";
		};
		6F91320127CB0DEE0005B029 /* Coordinator */ = {
			isa = PBXGroup;
			children = (
				6F91320227CB0DEE0005B029 /* ContentFlowStateProtocol.swift */,
				6F91320327CB0DEE0005B029 /* ContentFlowCoordinator.swift */,
				6F91320427CB0DEE0005B029 /* ContentLink.swift */,
			);
			path = Coordinator;
			sourceTree = "<group>";
		};
/* End PBXGroup section */

/* Begin PBXNativeTarget section */
		6F9131D427CB0DBF0005B029 /* MVVMCoordinator */ = {
			isa = PBXNativeTarget;
			buildConfigurationList = 6F9131E327CB0DC00005B029 /* Build configuration list for PBXNativeTarget "MVVMCoordinator" */;
			buildPhases = (
				6F9131D127CB0DBF0005B029 /* Sources */,
				6F9131D227CB0DBF0005B029 /* Frameworks */,
				6F9131D327CB0DBF0005B029 /* Resources */,
			);
			buildRules = (
			);
			dependencies = (
			);
			name = MVVMCoordinator;
			productName = MVVMCoordinator;
			productReference = 6F9131D527CB0DBF0005B029 /* MVVMCoordinator.app */;
			productType = "com.apple.product-type.application";
		};
/* End PBXNativeTarget section */

/* Begin PBXProject section */
		6F9131CD27CB0DBF0005B029 /* Project object */ = {
			isa = PBXProject;
			attributes = {
				BuildIndependentTargetsInParallel = 1;
				LastSwiftUpdateCheck = 1320;
				LastUpgradeCheck = 1320;
				TargetAttributes = {
					6F9131D427CB0DBF0005B029 = {
						CreatedOnToolsVersion = 13.2.1;
					};
				};
			};
			buildConfigurationList = 6F9131D027CB0DBF0005B029 /* Build configuration list for PBXProject "MVVMCoordinator" */;
			compatibilityVersion = "Xcode 13.0";
			developmentRegion = en;
			hasScannedForEncodings = 0;
			knownRegions = (
				en,
				Base,
			);
			mainGroup = 6F9131CC27CB0DBF0005B029;
			productRefGroup = 6F9131D627CB0DBF0005B029 /* Products */;
			projectDirPath = "";
			projectRoot = "";
			targets = (
				6F9131D427CB0DBF0005B029 /* MVVMCoordinator */,
			);
		};
/* End PBXProject section */

/* Begin PBXResourcesBuildPhase section */
		6F9131D327CB0DBF0005B029 /* Resources */ = {
			isa = PBXResourcesBuildPhase;
			buildActionMask = 2147483647;
			files = (
				6F91321A27CB1A010005B029 /* README.md in Resources */,
				6F9131E027CB0DC00005B029 /* Preview Assets.xcassets in Resources */,
				6F9131DD27CB0DC00005B029 /* Assets.xcassets in Resources */,
			);
			runOnlyForDeploymentPostprocessing = 0;
		};
/* End PBXResourcesBuildPhase section */

/* Begin PBXSourcesBuildPhase section */
		6F9131D127CB0DBF0005B029 /* Sources */ = {
			isa = PBXSourcesBuildPhase;
			buildActionMask = 2147483647;
			files = (
				6F91321027CB0DEF0005B029 /* SecondViewModel.swift in Sources */,
				6F91321727CB0DEF0005B029 /* ContentFlowCoordinator.swift in Sources */,
				6F91320627CB0DEF0005B029 /* ContentViewModel.swift in Sources */,
				6F91320927CB0DEF0005B029 /* FirstFlowCoordinator.swift in Sources */,
				6F91320A27CB0DEF0005B029 /* FirstViewModel.swift in Sources */,
				6F91320C27CB0DEF0005B029 /* ThirdFlowCoordinator.swift in Sources */,
				6F91321627CB0DEF0005B029 /* ContentFlowStateProtocol.swift in Sources */,
				6F91321427CB0DEF0005B029 /* SheetFlowCoordinator.swift in Sources */,
				6F91321827CB0DEF0005B029 /* ContentLink.swift in Sources */,
				6F91321127CB0DEF0005B029 /* SecondView.swift in Sources */,
				6F91320F27CB0DEF0005B029 /* SecondFlowCoordinator.swift in Sources */,
				6F91321527CB0DEF0005B029 /* SheetViewModel.swift in Sources */,
				6F9131DB27CB0DBF0005B029 /* ContentView.swift in Sources */,
				6F91320E27CB0DEF0005B029 /* ThirdViewModel.swift in Sources */,
				6F9131D927CB0DBF0005B029 /* MVVMCoordinatorApp.swift in Sources */,
				6F91320527CB0DEF0005B029 /* User.swift in Sources */,
				6F91320D27CB0DEF0005B029 /* ThirdView.swift in Sources */,
				6F91320B27CB0DEF0005B029 /* FirstView.swift in Sources */,
				6F91321327CB0DEF0005B029 /* SheetView.swift in Sources */,
			);
			runOnlyForDeploymentPostprocessing = 0;
		};
/* End PBXSourcesBuildPhase section */

/* Begin XCBuildConfiguration section */
		6F9131E127CB0DC00005B029 /* Debug */ = {
			isa = XCBuildConfiguration;
			buildSettings = {
				ALWAYS_SEARCH_USER_PATHS = NO;
				CLANG_ANALYZER_NONNULL = YES;
				CLANG_ANALYZER_NUMBER_OBJECT_CONVERSION = YES_AGGRESSIVE;
				CLANG_CXX_LANGUAGE_STANDARD = "gnu++17";
				CLANG_CXX_LIBRARY = "libc++";
				CLANG_ENABLE_MODULES = YES;
				CLANG_ENABLE_OBJC_ARC = YES;
				CLANG_ENABLE_OBJC_WEAK = YES;
				CLANG_WARN_BLOCK_CAPTURE_AUTORELEASING = YES;
				CLANG_WARN_BOOL_CONVERSION = YES;
				CLANG_WARN_COMMA = YES;
				CLANG_WARN_CONSTANT_CONVERSION = YES;
				CLANG_WARN_DEPRECATED_OBJC_IMPLEMENTATIONS = YES;
				CLANG_WARN_DIRECT_OBJC_ISA_USAGE = YES_ERROR;
				CLANG_WARN_DOCUMENTATION_COMMENTS = YES;
				CLANG_WARN_EMPTY_BODY = YES;
				CLANG_WARN_ENUM_CONVERSION = YES;
				CLANG_WARN_INFINITE_RECURSION = YES;
				CLANG_WARN_INT_CONVERSION = YES;
				CLANG_WARN_NON_LITERAL_NULL_CONVERSION = YES;
				CLANG_WARN_OBJC_IMPLICIT_RETAIN_SELF = YES;
				CLANG_WARN_OBJC_LITERAL_CONVERSION = YES;
				CLANG_WARN_OBJC_ROOT_CLASS = YES_ERROR;
				CLANG_WARN_QUOTED_INCLUDE_IN_FRAMEWORK_HEADER = YES;
				CLANG_WARN_RANGE_LOOP_ANALYSIS = YES;
				CLANG_WARN_STRICT_PROTOTYPES = YES;
				CLANG_WARN_SUSPICIOUS_MOVE = YES;
				CLANG_WARN_UNGUARDED_AVAILABILITY = YES_AGGRESSIVE;
				CLANG_WARN_UNREACHABLE_CODE = YES;
				CLANG_WARN__DUPLICATE_METHOD_MATCH = YES;
				COPY_PHASE_STRIP = NO;
				DEBUG_INFORMATION_FORMAT = dwarf;
				ENABLE_STRICT_OBJC_MSGSEND = YES;
				ENABLE_TESTABILITY = YES;
				GCC_C_LANGUAGE_STANDARD = gnu11;
				GCC_DYNAMIC_NO_PIC = NO;
				GCC_NO_COMMON_BLOCKS = YES;
				GCC_OPTIMIZATION_LEVEL = 0;
				GCC_PREPROCESSOR_DEFINITIONS = (
					"DEBUG=1",
					"$(inherited)",
				);
				GCC_WARN_64_TO_32_BIT_CONVERSION = YES;
				GCC_WARN_ABOUT_RETURN_TYPE = YES_ERROR;
				GCC_WARN_UNDECLARED_SELECTOR = YES;
				GCC_WARN_UNINITIALIZED_AUTOS = YES_AGGRESSIVE;
				GCC_WARN_UNUSED_FUNCTION = YES;
				GCC_WARN_UNUSED_VARIABLE = YES;
				IPHONEOS_DEPLOYMENT_TARGET = 15.2;
				MTL_ENABLE_DEBUG_INFO = INCLUDE_SOURCE;
				MTL_FAST_MATH = YES;
				ONLY_ACTIVE_ARCH = YES;
				SDKROOT = iphoneos;
				SWIFT_ACTIVE_COMPILATION_CONDITIONS = DEBUG;
				SWIFT_OPTIMIZATION_LEVEL = "-Onone";
			};
			name = Debug;
		};
		6F9131E227CB0DC00005B029 /* Release */ = {
			isa = XCBuildConfiguration;
			buildSettings = {
				ALWAYS_SEARCH_USER_PATHS = NO;
				CLANG_ANALYZER_NONNULL = YES;
				CLANG_ANALYZER_NUMBER_OBJECT_CONVERSION = YES_AGGRESSIVE;
				CLANG_CXX_LANGUAGE_STANDARD = "gnu++17";
				CLANG_CXX_LIBRARY = "libc++";
				CLANG_ENABLE_MODULES = YES;
				CLANG_ENABLE_OBJC_ARC = YES;
				CLANG_ENABLE_OBJC_WEAK = YES;
				CLANG_WARN_BLOCK_CAPTURE_AUTORELEASING = YES;
				CLANG_WARN_BOOL_CONVERSION = YES;
				CLANG_WARN_COMMA = YES;
				CLANG_WARN_CONSTANT_CONVERSION = YES;
				CLANG_WARN_DEPRECATED_OBJC_IMPLEMENTATIONS = YES;
				CLANG_WARN_DIRECT_OBJC_ISA_USAGE = YES_ERROR;
				CLANG_WARN_DOCUMENTATION_COMMENTS = YES;
				CLANG_WARN_EMPTY_BODY = YES;
				CLANG_WARN_ENUM_CONVERSION = YES;
				CLANG_WARN_INFINITE_RECURSION = YES;
				CLANG_WARN_INT_CONVERSION = YES;
				CLANG_WARN_NON_LITERAL_NULL_CONVERSION = YES;
				CLANG_WARN_OBJC_IMPLICIT_RETAIN_SELF = YES;
				CLANG_WARN_OBJC_LITERAL_CONVERSION = YES;
				CLANG_WARN_OBJC_ROOT_CLASS = YES_ERROR;
				CLANG_WARN_QUOTED_INCLUDE_IN_FRAMEWORK_HEADER = YES;
				CLANG_WARN_RANGE_LOOP_ANALYSIS = YES;
				CLANG_WARN_STRICT_PROTOTYPES = YES;
				CLANG_WARN_SUSPICIOUS_MOVE = YES;
				CLANG_WARN_UNGUARDED_AVAILABILITY = YES_AGGRESSIVE;
				CLANG_WARN_UNREACHABLE_CODE = YES;
				CLANG_WARN__DUPLICATE_METHOD_MATCH = YES;
				COPY_PHASE_STRIP = NO;
				DEBUG_INFORMATION_FORMAT = "dwarf-with-dsym";
				ENABLE_NS_ASSERTIONS = NO;
				ENABLE_STRICT_OBJC_MSGSEND = YES;
				GCC_C_LANGUAGE_STANDARD = gnu11;
				GCC_NO_COMMON_BLOCKS = YES;
				GCC_WARN_64_TO_32_BIT_CONVERSION = YES;
				GCC_WARN_ABOUT_RETURN_TYPE = YES_ERROR;
				GCC_WARN_UNDECLARED_SELECTOR = YES;
				GCC_WARN_UNINITIALIZED_AUTOS = YES_AGGRESSIVE;
				GCC_WARN_UNUSED_FUNCTION = YES;
				GCC_WARN_UNUSED_VARIABLE = YES;
				IPHONEOS_DEPLOYMENT_TARGET = 15.2;
				MTL_ENABLE_DEBUG_INFO = NO;
				MTL_FAST_MATH = YES;
				SDKROOT = iphoneos;
				SWIFT_COMPILATION_MODE = wholemodule;
				SWIFT_OPTIMIZATION_LEVEL = "-O";
				VALIDATE_PRODUCT = YES;
			};
			name = Release;
		};
		6F9131E427CB0DC00005B029 /* Debug */ = {
			isa = XCBuildConfiguration;
			buildSettings = {
				ASSETCATALOG_COMPILER_APPICON_NAME = AppIcon;
				ASSETCATALOG_COMPILER_GLOBAL_ACCENT_COLOR_NAME = AccentColor;
				CODE_SIGN_STYLE = Automatic;
				CURRENT_PROJECT_VERSION = 1;
				DEVELOPMENT_ASSET_PATHS = "\"MVVMCoordinator/Preview Content\"";
				DEVELOPMENT_TEAM = K328B98U3F;
				ENABLE_PREVIEWS = YES;
				GENERATE_INFOPLIST_FILE = YES;
				INFOPLIST_KEY_UIApplicationSceneManifest_Generation = YES;
				INFOPLIST_KEY_UIApplicationSupportsIndirectInputEvents = YES;
				INFOPLIST_KEY_UILaunchScreen_Generation = YES;
				INFOPLIST_KEY_UISupportedInterfaceOrientations_iPad = "UIInterfaceOrientationPortrait UIInterfaceOrientationPortraitUpsideDown UIInterfaceOrientationLandscapeLeft UIInterfaceOrientationLandscapeRight";
				INFOPLIST_KEY_UISupportedInterfaceOrientations_iPhone = "UIInterfaceOrientationPortrait UIInterfaceOrientationLandscapeLeft UIInterfaceOrientationLandscapeRight";
				LD_RUNPATH_SEARCH_PATHS = (
					"$(inherited)",
					"@executable_path/Frameworks",
				);
				MARKETING_VERSION = 1.0;
				PRODUCT_BUNDLE_IDENTIFIER = com.challenge.nano08.MVVMCoordinator;
				PRODUCT_NAME = "$(TARGET_NAME)";
				SWIFT_EMIT_LOC_STRINGS = YES;
				SWIFT_VERSION = 5.0;
				TARGETED_DEVICE_FAMILY = "1,2";
			};
			name = Debug;
		};
		6F9131E527CB0DC00005B029 /* Release */ = {
			isa = XCBuildConfiguration;
			buildSettings = {
				ASSETCATALOG_COMPILER_APPICON_NAME = AppIcon;
				ASSETCATALOG_COMPILER_GLOBAL_ACCENT_COLOR_NAME = AccentColor;
				CODE_SIGN_STYLE = Automatic;
				CURRENT_PROJECT_VERSION = 1;
				DEVELOPMENT_ASSET_PATHS = "\"MVVMCoordinator/Preview Content\"";
				DEVELOPMENT_TEAM = K328B98U3F;
				ENABLE_PREVIEWS = YES;
				GENERATE_INFOPLIST_FILE = YES;
				INFOPLIST_KEY_UIApplicationSceneManifest_Generation = YES;
				INFOPLIST_KEY_UIApplicationSupportsIndirectInputEvents = YES;
				INFOPLIST_KEY_UILaunchScreen_Generation = YES;
				INFOPLIST_KEY_UISupportedInterfaceOrientations_iPad = "UIInterfaceOrientationPortrait UIInterfaceOrientationPortraitUpsideDown UIInterfaceOrientationLandscapeLeft UIInterfaceOrientationLandscapeRight";
				INFOPLIST_KEY_UISupportedInterfaceOrientations_iPhone = "UIInterfaceOrientationPortrait UIInterfaceOrientationLandscapeLeft UIInterfaceOrientationLandscapeRight";
				LD_RUNPATH_SEARCH_PATHS = (
					"$(inherited)",
					"@executable_path/Frameworks",
				);
				MARKETING_VERSION = 1.0;
				PRODUCT_BUNDLE_IDENTIFIER = com.challenge.nano08.MVVMCoordinator;
				PRODUCT_NAME = "$(TARGET_NAME)";
				SWIFT_EMIT_LOC_STRINGS = YES;
				SWIFT_VERSION = 5.0;
				TARGETED_DEVICE_FAMILY = "1,2";
			};
			name = Release;
		};
/* End XCBuildConfiguration section */

/* Begin XCConfigurationList section */
		6F9131D027CB0DBF0005B029 /* Build configuration list for PBXProject "MVVMCoordinator" */ = {
			isa = XCConfigurationList;
			buildConfigurations = (
				6F9131E127CB0DC00005B029 /* Debug */,
				6F9131E227CB0DC00005B029 /* Release */,
			);
			defaultConfigurationIsVisible = 0;
			defaultConfigurationName = Release;
		};
		6F9131E327CB0DC00005B029 /* Build configuration list for PBXNativeTarget "MVVMCoordinator" */ = {
			isa = XCConfigurationList;
			buildConfigurations = (
				6F9131E427CB0DC00005B029 /* Debug */,
				6F9131E527CB0DC00005B029 /* Release */,
			);
			defaultConfigurationIsVisible = 0;
			defaultConfigurationName = Release;
		};
/* End XCConfigurationList section */
	};
	rootObject = 6F9131CD27CB0DBF0005B029 /* Project object */;
}
